
Microsoft Visual Studio Solution File, Format Version 12.00
# Visual Studio 2012
Project("{FAE04EC0-301F-11D3-BF4B-00C04F79EFBC}") = "CounterTrigger", "CounterTrigger\CounterTrigger.csproj", "{79E93B00-A0CE-469E-890E-4A56A50C3457}"
EndProject
Global
	GlobalSection(TeamFoundationVersionControl) = preSolution
		SccNumberOfProjects = 2
		SccEnterpriseProvider = {4CA58AB2-18FA-4F8D-95D4-32DDF27D184C}
		SccTeamFoundationServer = https://teamvs.visualstudio.com/defaultcollection
		SccLocalPath0 = .
		SccProjectUniqueName1 = CounterTrigger\\CounterTrigger.csproj
		SccProjectName1 = CounterTrigger
		SccLocalPath1 = CounterTrigger
	EndGlobalSection
	GlobalSection(SolutionConfigurationPlatforms) = preSolution
		Debug|Any CPU = Debug|Any CPU
		Release|Any CPU = Release|Any CPU
	EndGlobalSection
	GlobalSection(ProjectConfigurationPlatforms) = postSolution
		{79E93B00-A0CE-469E-890E-4A56A50C3457}.Debug|Any CPU.ActiveCfg = Debug|Any CPU
		{79E93B00-A0CE-469E-890E-4A56A50C3457}.Debug|Any CPU.Build.0 = Debug|Any CPU
		{79E93B00-A0CE-469E-890E-4A56A50C3457}.Release|Any CPU.ActiveCfg = Release|Any CPU
		{79E93B00-A0CE-469E-890E-4A56A50C3457}.Release|Any CPU.Build.0 = Release|Any CPU
	EndGlobalSection
	GlobalSection(SolutionProperties) = preSolution
		HideSolutionNode = FALSE
	EndGlobalSection
EndGlobal
